
Microsoft Visual Studio Solution File, Format Version 12.00
# Visual Studio Version 17
VisualStudioVersion = 17.3.32929.385
MinimumVisualStudioVersion = 10.0.40219.1
Project("{FAE04EC0-301F-11D3-BF4B-00C04F79EFBC}") = "MojeWidelo_WebApi", "MojeWidelo_WebApi\MojeWidelo_WebApi.csproj", "{23949497-8553-4ED0-BFF1-AA564C9C4C21}"
EndProject
Project("{FAE04EC0-301F-11D3-BF4B-00C04F79EFBC}") = "Entities", "Entities\Entities.csproj", "{4195D44E-0098-4B02-B514-388595ED6AE4}"
EndProject
Project("{2150E333-8FDC-42A3-9474-1A3956D46DE8}") = "Solution Items", "Solution Items", "{8EADEFC3-4CEF-4F9B-8A88-4C3C27BAE163}"
	ProjectSection(SolutionItems) = preProject
		.editorconfig = .editorconfig
	EndProjectSection
EndProject
Global
	GlobalSection(SolutionConfigurationPlatforms) = preSolution
		Debug|Any CPU = Debug|Any CPU
		Release|Any CPU = Release|Any CPU
	EndGlobalSection
	GlobalSection(ProjectConfigurationPlatforms) = postSolution
		{23949497-8553-4ED0-BFF1-AA564C9C4C21}.Debug|Any CPU.ActiveCfg = Debug|Any CPU
		{23949497-8553-4ED0-BFF1-AA564C9C4C21}.Debug|Any CPU.Build.0 = Debug|Any CPU
		{23949497-8553-4ED0-BFF1-AA564C9C4C21}.Release|Any CPU.ActiveCfg = Release|Any CPU
		{23949497-8553-4ED0-BFF1-AA564C9C4C21}.Release|Any CPU.Build.0 = Release|Any CPU
		{4195D44E-0098-4B02-B514-388595ED6AE4}.Debug|Any CPU.ActiveCfg = Debug|Any CPU
		{4195D44E-0098-4B02-B514-388595ED6AE4}.Debug|Any CPU.Build.0 = Debug|Any CPU
		{4195D44E-0098-4B02-B514-388595ED6AE4}.Release|Any CPU.ActiveCfg = Release|Any CPU
		{4195D44E-0098-4B02-B514-388595ED6AE4}.Release|Any CPU.Build.0 = Release|Any CPU
	EndGlobalSection
	GlobalSection(SolutionProperties) = preSolution
		HideSolutionNode = FALSE
	EndGlobalSection
	GlobalSection(ExtensibilityGlobals) = postSolution
		SolutionGuid = {B583ED30-5D47-4212-B82E-DC013C350F47}
	EndGlobalSection
EndGlobal
